
Microsoft Visual Studio Solution File, Format Version 12.00
# Visual Studio Version 17
VisualStudioVersion = 17.7.34003.232
MinimumVisualStudioVersion = 10.0.40219.1
Project("{FAE04EC0-301F-11D3-BF4B-00C04F79EFBC}") = "simple-mvc.Web", "simple-mvc.Web\simple-mvc.Web.csproj", "{F53CC439-5173-4335-981B-6B71D9E3E217}"
EndProject
Global
	GlobalSection(SolutionConfigurationPlatforms) = preSolution
		Debug|Any CPU = Debug|Any CPU
		Release|Any CPU = Release|Any CPU
	EndGlobalSection
	GlobalSection(ProjectConfigurationPlatforms) = postSolution
		{F53CC439-5173-4335-981B-6B71D9E3E217}.Debug|Any CPU.ActiveCfg = Debug|Any CPU
		{F53CC439-5173-4335-981B-6B71D9E3E217}.Debug|Any CPU.Build.0 = Debug|Any CPU
		{F53CC439-5173-4335-981B-6B71D9E3E217}.Release|Any CPU.ActiveCfg = Release|Any CPU
		{F53CC439-5173-4335-981B-6B71D9E3E217}.Release|Any CPU.Build.0 = Release|Any CPU
	EndGlobalSection
	GlobalSection(SolutionProperties) = preSolution
		HideSolutionNode = FALSE
	EndGlobalSection
	GlobalSection(ExtensibilityGlobals) = postSolution
		SolutionGuid = {6F3596BA-43A4-4661-BE8B-54B409A580AC}
	EndGlobalSection
EndGlobal
